
Microsoft Visual Studio Solution File, Format Version 11.00
# Visual Studio 2010
Project("{FAE04EC0-301F-11D3-BF4B-00C04F79EFBC}") = "WGSMVC", "WGSMVC\WGSMVC.csproj", "{FF73515C-2452-4CD8-9D6C-C46DB622CF9A}"
EndProject
Project("{FAE04EC0-301F-11D3-BF4B-00C04F79EFBC}") = "WGSBase", "WGSBase\WGSBase.csproj", "{229EC0CD-DABE-45CB-A698-C9D8919157E2}"
EndProject
Project("{FAE04EC0-301F-11D3-BF4B-00C04F79EFBC}") = "AppCore", "AppCore\AppCore.csproj", "{6E8E6FD7-0ED2-409B-A155-D221C240DA07}"
EndProject
Global
	GlobalSection(SolutionConfigurationPlatforms) = preSolution
		Debug|Any CPU = Debug|Any CPU
		Release|Any CPU = Release|Any CPU
	EndGlobalSection
	GlobalSection(ProjectConfigurationPlatforms) = postSolution
		{FF73515C-2452-4CD8-9D6C-C46DB622CF9A}.Debug|Any CPU.ActiveCfg = Debug|Any CPU
		{FF73515C-2452-4CD8-9D6C-C46DB622CF9A}.Debug|Any CPU.Build.0 = Debug|Any CPU
		{FF73515C-2452-4CD8-9D6C-C46DB622CF9A}.Release|Any CPU.ActiveCfg = Release|Any CPU
		{FF73515C-2452-4CD8-9D6C-C46DB622CF9A}.Release|Any CPU.Build.0 = Release|Any CPU
		{229EC0CD-DABE-45CB-A698-C9D8919157E2}.Debug|Any CPU.ActiveCfg = Debug|Any CPU
		{229EC0CD-DABE-45CB-A698-C9D8919157E2}.Debug|Any CPU.Build.0 = Debug|Any CPU
		{229EC0CD-DABE-45CB-A698-C9D8919157E2}.Release|Any CPU.ActiveCfg = Release|Any CPU
		{229EC0CD-DABE-45CB-A698-C9D8919157E2}.Release|Any CPU.Build.0 = Release|Any CPU
		{6E8E6FD7-0ED2-409B-A155-D221C240DA07}.Debug|Any CPU.ActiveCfg = Debug|Any CPU
		{6E8E6FD7-0ED2-409B-A155-D221C240DA07}.Debug|Any CPU.Build.0 = Debug|Any CPU
		{6E8E6FD7-0ED2-409B-A155-D221C240DA07}.Release|Any CPU.ActiveCfg = Release|Any CPU
		{6E8E6FD7-0ED2-409B-A155-D221C240DA07}.Release|Any CPU.Build.0 = Release|Any CPU
	EndGlobalSection
	GlobalSection(SolutionProperties) = preSolution
		HideSolutionNode = FALSE
	EndGlobalSection
EndGlobal
